
Microsoft Visual Studio Solution File, Format Version 12.00
# Visual Studio 15
VisualStudioVersion = 15.0.35213.121
MinimumVisualStudioVersion = 10.0.40219.1
Project("{FAE04EC0-301F-11D3-BF4B-00C04F79EFBC}") = "RustImageLibrary", "WpfApp1\RustImageLibrary.csproj", "{495E6868-ED73-4D88-8A5D-65B22C5091F0}"
EndProject
Global
	GlobalSection(SolutionConfigurationPlatforms) = preSolution
		Debug|Any CPU = Debug|Any CPU
		Release|Any CPU = Release|Any CPU
	EndGlobalSection
	GlobalSection(ProjectConfigurationPlatforms) = postSolution
		{495E6868-ED73-4D88-8A5D-65B22C5091F0}.Debug|Any CPU.ActiveCfg = Debug|Any CPU
		{495E6868-ED73-4D88-8A5D-65B22C5091F0}.Debug|Any CPU.Build.0 = Debug|Any CPU
		{495E6868-ED73-4D88-8A5D-65B22C5091F0}.Release|Any CPU.ActiveCfg = Release|Any CPU
		{495E6868-ED73-4D88-8A5D-65B22C5091F0}.Release|Any CPU.Build.0 = Release|Any CPU
	EndGlobalSection
	GlobalSection(SolutionProperties) = preSolution
		HideSolutionNode = FALSE
	EndGlobalSection
	GlobalSection(ExtensibilityGlobals) = postSolution
		SolutionGuid = {C59A6BDA-9199-4E51-A4C7-7CEB9F385E9A}
	EndGlobalSection
EndGlobal
